
Microsoft Visual Studio Solution File, Format Version 11.00
# Visual Studio 2010
Project("{FAE04EC0-301F-11D3-BF4B-00C04F79EFBC}") = "ZSurvive", "ZSurvive\ZSurvive.csproj", "{CFEE2597-62BE-4FA0-BFB1-8E43E12086FB}"
EndProject
Global
	GlobalSection(SolutionConfigurationPlatforms) = preSolution
		Debug|x86 = Debug|x86
		Release|x86 = Release|x86
	EndGlobalSection
	GlobalSection(ProjectConfigurationPlatforms) = postSolution
		{CFEE2597-62BE-4FA0-BFB1-8E43E12086FB}.Debug|x86.ActiveCfg = Debug|x86
		{CFEE2597-62BE-4FA0-BFB1-8E43E12086FB}.Debug|x86.Build.0 = Debug|x86
		{CFEE2597-62BE-4FA0-BFB1-8E43E12086FB}.Release|x86.ActiveCfg = Release|x86
		{CFEE2597-62BE-4FA0-BFB1-8E43E12086FB}.Release|x86.Build.0 = Release|x86
	EndGlobalSection
	GlobalSection(MonoDevelopProperties) = preSolution
		StartupItem = ZSurvive\ZSurvive.csproj
	EndGlobalSection
EndGlobal
